
Microsoft Visual Studio Solution File, Format Version 12.00
# Visual Studio Version 18
VisualStudioVersion = 18.1.11312.151
MinimumVisualStudioVersion = 10.0.40219.1
Project("{2150E333-8FDC-42A3-9474-1A3956D46DE8}") = "Solution Items", "Solution Items", "{DCF81061-FBF4-44DB-9452-EA12D0021D46}"
	ProjectSection(SolutionItems) = preProject
		.editorconfig = .editorconfig
		BENCHMARKS.md = BENCHMARKS.md
		Directory.Build.props = Directory.Build.props
		Directory.Packages.props = Directory.Packages.props
		global.json = global.json
		Examples\QUICKSTART.md = Examples\QUICKSTART.md
		README.md = README.md
		build\test.props = build\test.props
		version.json = version.json
	EndProjectSection
EndProject
Project("{2150E333-8FDC-42A3-9474-1A3956D46DE8}") = "PrimitiveValueObject", "PrimitiveValueObject", "{AEEADF3F-954E-44CA-8345-E024CC04F405}"
	ProjectSection(SolutionItems) = preProject
		PrimitiveValueObjects\SAMPLES.md = PrimitiveValueObjects\SAMPLES.md
	EndProjectSection
EndProject
Project("{9A19103F-16F7-4668-BE54-9A1E7A4F7556}") = "PrimitiveValueObjects", "PrimitiveValueObjects\src\PrimitiveValueObjects.csproj", "{82A9A3D7-E871-416E-8B5F-67B0425EC073}"
EndProject
Project("{9A19103F-16F7-4668-BE54-9A1E7A4F7556}") = "PrimitiveValueObjects.Tests", "PrimitiveValueObjects\tests\PrimitiveValueObjects.Tests.csproj", "{52131D0C-76B1-4CA2-86D6-6C10DD9355A5}"
EndProject
Project("{2150E333-8FDC-42A3-9474-1A3956D46DE8}") = "Examples", "Examples", "{BD9AFC47-1336-443C-9EBE-3CF52A128194}"
EndProject
Project("{2150E333-8FDC-42A3-9474-1A3956D46DE8}") = "FluentValidations", "FluentValidations", "{18ECBEC0-5687-4833-BCFB-84538E62172D}"
EndProject
Project("{9A19103F-16F7-4668-BE54-9A1E7A4F7556}") = "FluentValidation", "FluentValidation\src\FluentValidation.csproj", "{B763EC4D-64ED-4D20-BC60-4A8886F707DA}"
EndProject
Project("{9A19103F-16F7-4668-BE54-9A1E7A4F7556}") = "FluentValidation.Tests", "FluentValidation\tests\FluentValidation.Tests.csproj", "{928C2228-3D0F-4253-9705-5E71BAF1AB5B}"
EndProject
Project("{2150E333-8FDC-42A3-9474-1A3956D46DE8}") = "Asp", "Asp", "{1E3022F4-1620-4087-A015-7FFF0906AE14}"
	ProjectSection(SolutionItems) = preProject
		Asp\SAMPLES.md = Asp\SAMPLES.md
	EndProjectSection
EndProject
Project("{9A19103F-16F7-4668-BE54-9A1E7A4F7556}") = "Asp", "Asp\src\Asp.csproj", "{E3349550-D6FD-477D-AFA0-525CE7B7EFD6}"
EndProject
Project("{9A19103F-16F7-4668-BE54-9A1E7A4F7556}") = "Example.Tests", "Examples\Xunit\Example.Tests.csproj", "{191EC05C-A865-4396-90FB-7A7D19FF148C}"
EndProject
Project("{9A19103F-16F7-4668-BE54-9A1E7A4F7556}") = "PrimitiveValueObjectGenerator", "PrimitiveValueObjects\generator\PrimitiveValueObjectGenerator.csproj", "{005FE94C-477D-4B76-A4E5-C229D79F3D71}"
EndProject
Project("{2150E333-8FDC-42A3-9474-1A3956D46DE8}") = "RailwayOrientedProgramming", "RailwayOrientedProgramming", "{3DD76AB1-746D-47AC-B86D-8EC376CD238B}"
EndProject
Project("{9A19103F-16F7-4668-BE54-9A1E7A4F7556}") = "RailwayOrientedProgramming", "RailwayOrientedProgramming\src\RailwayOrientedProgramming.csproj", "{8DD45CA4-7182-4310-B023-3FD6801655B8}"
EndProject
Project("{9A19103F-16F7-4668-BE54-9A1E7A4F7556}") = "RailwayOrientedProgramming.Tests", "RailwayOrientedProgramming\tests\RailwayOrientedProgramming.Tests.csproj", "{49C37DF6-D4D1-44A1-8E5A-8C5C9B24ACF3}"
EndProject
Project("{2150E333-8FDC-42A3-9474-1A3956D46DE8}") = "DomainDrivenDesign", "DomainDrivenDesign", "{828D4C8B-EE27-4ECD-8C89-8D4FD7E67BD6}"
	ProjectSection(SolutionItems) = preProject
		DomainDrivenDesign\SAMPLES.md = DomainDrivenDesign\SAMPLES.md
	EndProjectSection
EndProject
Project("{9A19103F-16F7-4668-BE54-9A1E7A4F7556}") = "DomainDrivenDesign", "DomainDrivenDesign\src\DomainDrivenDesign.csproj", "{24B449C0-DC03-43E7-A3FE-1263AEA4F600}"
EndProject
Project("{9A19103F-16F7-4668-BE54-9A1E7A4F7556}") = "DomainDrivenDesign.Tests", "DomainDrivenDesign\tests\DomainDrivenDesign.Tests.csproj", "{CE118AEC-92AC-4A40-9660-037D2ABF0120}"
EndProject
Project("{9A19103F-16F7-4668-BE54-9A1E7A4F7556}") = "SampleWebApplication", "Examples\SampleWebApplication\src\SampleWebApplication.csproj", "{CF8D3111-D81B-40C9-8C93-F35BB72B1F2C}"
EndProject
Project("{9A19103F-16F7-4668-BE54-9A1E7A4F7556}") = "Asp.Tests", "Asp\tests\Asp.Tests.csproj", "{7061CA5B-6866-4434-835D-8D9B546D4D3C}"
EndProject
Project("{2150E333-8FDC-42A3-9474-1A3956D46DE8}") = "Benchmark", "Benchmark", "{85ACCD77-5B35-4AE7-BF04-C47E7E5AB720}"
EndProject
Project("{9A19103F-16F7-4668-BE54-9A1E7A4F7556}") = "Benchmark", "Benchmark\Benchmark.csproj", "{7A46BDC2-5A31-4B5F-BD4A-34655B004447}"
EndProject
Project("{9A19103F-16F7-4668-BE54-9A1E7A4F7556}") = "SampleMinimalApi", "Examples\SampleMinimalApi\SampleMinimalApi.csproj", "{60F534DA-26D4-4B7E-BD20-A60255B98E0C}"
EndProject
Project("{9A19103F-16F7-4668-BE54-9A1E7A4F7556}") = "SampleUserLibrary", "Examples\SampleUserLibrary\SampleUserLibrary.csproj", "{2D3DD25C-6E2B-4C67-8E0C-7C9ABAE740C7}"
EndProject
Project("{FAE04EC0-301F-11D3-BF4B-00C04F79EFBC}") = "BankingExample", "Examples\BankingExample\BankingExample.csproj", "{499DA91B-5E04-4025-702E-B686854E88D0}"
EndProject
Project("{FAE04EC0-301F-11D3-BF4B-00C04F79EFBC}") = "EcommerceExample", "Examples\EcommerceExample\EcommerceExample.csproj", "{37D080EF-F243-B3DC-B41C-199C53D3C532}"
EndProject
Project("{2150E333-8FDC-42A3-9474-1A3956D46DE8}") = "Docs", "Docs", "{26614E2E-249E-4A54-B47B-BCBDF5CA11EB}"
	ProjectSection(SolutionItems) = preProject
		docs\docfx_project\index.md = docs\docfx_project\index.md
		docs\docfx_project\toc.yml = docs\docfx_project\toc.yml
	EndProjectSection
EndProject
Project("{2150E333-8FDC-42A3-9474-1A3956D46DE8}") = "articles", "articles", "{0587004C-A025-4364-B7C5-204C1C40ECF5}"
	ProjectSection(SolutionItems) = preProject
		docs\docfx_project\articles\advanced-features.md = docs\docfx_project\articles\advanced-features.md
		docs\docfx_project\articles\async-cancellation.md = docs\docfx_project\articles\async-cancellation.md
		docs\docfx_project\articles\basics.md = docs\docfx_project\articles\basics.md
		docs\docfx_project\articles\BENCHMARKS.md = docs\docfx_project\articles\BENCHMARKS.md
		docs\docfx_project\articles\clean-architecture.md = docs\docfx_project\articles\clean-architecture.md
		docs\docfx_project\articles\debugging.md = docs\docfx_project\articles\debugging.md
		docs\docfx_project\articles\error-handling.md = docs\docfx_project\articles\error-handling.md
		docs\docfx_project\articles\examples.md = docs\docfx_project\articles\examples.md
		docs\docfx_project\articles\integration-aspnet.md = docs\docfx_project\articles\integration-aspnet.md
		docs\docfx_project\articles\integration-ef.md = docs\docfx_project\articles\integration-ef.md
		docs\docfx_project\articles\integration-fluentvalidation.md = docs\docfx_project\articles\integration-fluentvalidation.md
		docs\docfx_project\articles\integration-http.md = docs\docfx_project\articles\integration-http.md
		docs\docfx_project\articles\integration-observability.md = docs\docfx_project\articles\integration-observability.md
		docs\docfx_project\articles\integration.md = docs\docfx_project\articles\integration.md
		docs\docfx_project\articles\intro.md = docs\docfx_project\articles\intro.md
		docs\docfx_project\articles\performance.md = docs\docfx_project\articles\performance.md
		docs\docfx_project\articles\toc.yml = docs\docfx_project\articles\toc.yml
	EndProjectSection
EndProject
Project("{2150E333-8FDC-42A3-9474-1A3956D46DE8}") = "Http", "Http", "{0D9F6678-A001-FC4E-FBF2-B00713E704D4}"
EndProject
Project("{2150E333-8FDC-42A3-9474-1A3956D46DE8}") = "src", "src", "{318182F9-1A63-21D8-BC00-374489A38B40}"
EndProject
Project("{FAE04EC0-301F-11D3-BF4B-00C04F79EFBC}") = "Http", "Http\src\Http.csproj", "{5B3800DC-846A-472C-973A-723FD83ACE4A}"
EndProject
Project("{2150E333-8FDC-42A3-9474-1A3956D46DE8}") = "src", "src", "{84B1F3E5-C6BA-129B-1086-82E6A46E3605}"
EndProject
Project("{2150E333-8FDC-42A3-9474-1A3956D46DE8}") = "tests", "tests", "{0354BC8F-AF3A-EAF7-C0C5-221B3C0F9ABA}"
EndProject
Project("{FAE04EC0-301F-11D3-BF4B-00C04F79EFBC}") = "Http.Tests", "Http\tests\Http.Tests.csproj", "{D27DD3BF-872A-42F1-9832-5CAF3B448375}"
EndProject
Project("{2150E333-8FDC-42A3-9474-1A3956D46DE8}") = "Testing", "Testing", "{78DDA25A-7C38-13C4-DE39-740FEE45D7B1}"
EndProject
Project("{2150E333-8FDC-42A3-9474-1A3956D46DE8}") = "src", "src", "{3C6E83BA-6512-13F8-AEA4-119B54603696}"
EndProject
Project("{FAE04EC0-301F-11D3-BF4B-00C04F79EFBC}") = "Testing", "Testing\src\Testing.csproj", "{9BC104A2-CF59-478C-A5E8-4DEB297C58A9}"
EndProject
Project("{2150E333-8FDC-42A3-9474-1A3956D46DE8}") = "src", "src", "{356E9BEA-3AEE-8DE9-06DB-428879174E77}"
EndProject
Project("{2150E333-8FDC-42A3-9474-1A3956D46DE8}") = "tests", "tests", "{F1FE9192-0A89-6023-C3D0-33840B031BAE}"
EndProject
Project("{FAE04EC0-301F-11D3-BF4B-00C04F79EFBC}") = "Testing.Tests", "Testing\tests\Testing.Tests.csproj", "{250F42A0-3425-4FAD-BFE0-724CC71386BE}"
EndProject
Project("{2150E333-8FDC-42A3-9474-1A3956D46DE8}") = "tests", "tests", "{A8C354E3-87FE-46CB-9CB4-EC3B01C39684}"
EndProject
Project("{FAE04EC0-301F-11D3-BF4B-00C04F79EFBC}") = "AspSourceGenerator", "Asp\generator\AspSourceGenerator.csproj", "{DB96DDDA-684C-4942-B6CD-FA4F113F0321}"
EndProject
Global
	GlobalSection(SolutionConfigurationPlatforms) = preSolution
		Debug|Any CPU = Debug|Any CPU
		Debug|x64 = Debug|x64
		Debug|x86 = Debug|x86
		Release|Any CPU = Release|Any CPU
		Release|x64 = Release|x64
		Release|x86 = Release|x86
	EndGlobalSection
	GlobalSection(ProjectConfigurationPlatforms) = postSolution
		{82A9A3D7-E871-416E-8B5F-67B0425EC073}.Debug|Any CPU.ActiveCfg = Debug|Any CPU
		{82A9A3D7-E871-416E-8B5F-67B0425EC073}.Debug|Any CPU.Build.0 = Debug|Any CPU
		{82A9A3D7-E871-416E-8B5F-67B0425EC073}.Debug|x64.ActiveCfg = Debug|Any CPU
		{82A9A3D7-E871-416E-8B5F-67B0425EC073}.Debug|x64.Build.0 = Debug|Any CPU
		{82A9A3D7-E871-416E-8B5F-67B0425EC073}.Debug|x86.ActiveCfg = Debug|Any CPU
		{82A9A3D7-E871-416E-8B5F-67B0425EC073}.Debug|x86.Build.0 = Debug|Any CPU
		{82A9A3D7-E871-416E-8B5F-67B0425EC073}.Release|Any CPU.ActiveCfg = Release|Any CPU
		{82A9A3D7-E871-416E-8B5F-67B0425EC073}.Release|Any CPU.Build.0 = Release|Any CPU
		{82A9A3D7-E871-416E-8B5F-67B0425EC073}.Release|x64.ActiveCfg = Release|Any CPU
		{82A9A3D7-E871-416E-8B5F-67B0425EC073}.Release|x64.Build.0 = Release|Any CPU
		{82A9A3D7-E871-416E-8B5F-67B0425EC073}.Release|x86.ActiveCfg = Release|Any CPU
		{82A9A3D7-E871-416E-8B5F-67B0425EC073}.Release|x86.Build.0 = Release|Any CPU
		{52131D0C-76B1-4CA2-86D6-6C10DD9355A5}.Debug|Any CPU.ActiveCfg = Debug|Any CPU
		{52131D0C-76B1-4CA2-86D6-6C10DD9355A5}.Debug|Any CPU.Build.0 = Debug|Any CPU
		{52131D0C-76B1-4CA2-86D6-6C10DD9355A5}.Debug|x64.ActiveCfg = Debug|Any CPU
		{52131D0C-76B1-4CA2-86D6-6C10DD9355A5}.Debug|x64.Build.0 = Debug|Any CPU
		{52131D0C-76B1-4CA2-86D6-6C10DD9355A5}.Debug|x86.ActiveCfg = Debug|Any CPU
		{52131D0C-76B1-4CA2-86D6-6C10DD9355A5}.Debug|x86.Build.0 = Debug|Any CPU
		{52131D0C-76B1-4CA2-86D6-6C10DD9355A5}.Release|Any CPU.ActiveCfg = Release|Any CPU
		{52131D0C-76B1-4CA2-86D6-6C10DD9355A5}.Release|Any CPU.Build.0 = Release|Any CPU
		{52131D0C-76B1-4CA2-86D6-6C10DD9355A5}.Release|x64.ActiveCfg = Release|Any CPU
		{52131D0C-76B1-4CA2-86D6-6C10DD9355A5}.Release|x64.Build.0 = Release|Any CPU
		{52131D0C-76B1-4CA2-86D6-6C10DD9355A5}.Release|x86.ActiveCfg = Release|Any CPU
		{52131D0C-76B1-4CA2-86D6-6C10DD9355A5}.Release|x86.Build.0 = Release|Any CPU
		{B763EC4D-64ED-4D20-BC60-4A8886F707DA}.Debug|Any CPU.ActiveCfg = Debug|Any CPU
		{B763EC4D-64ED-4D20-BC60-4A8886F707DA}.Debug|Any CPU.Build.0 = Debug|Any CPU
		{B763EC4D-64ED-4D20-BC60-4A8886F707DA}.Debug|x64.ActiveCfg = Debug|Any CPU
		{B763EC4D-64ED-4D20-BC60-4A8886F707DA}.Debug|x64.Build.0 = Debug|Any CPU
		{B763EC4D-64ED-4D20-BC60-4A8886F707DA}.Debug|x86.ActiveCfg = Debug|Any CPU
		{B763EC4D-64ED-4D20-BC60-4A8886F707DA}.Debug|x86.Build.0 = Debug|Any CPU
		{B763EC4D-64ED-4D20-BC60-4A8886F707DA}.Release|Any CPU.ActiveCfg = Release|Any CPU
		{B763EC4D-64ED-4D20-BC60-4A8886F707DA}.Release|Any CPU.Build.0 = Release|Any CPU
		{B763EC4D-64ED-4D20-BC60-4A8886F707DA}.Release|x64.ActiveCfg = Release|Any CPU
		{B763EC4D-64ED-4D20-BC60-4A8886F707DA}.Release|x64.Build.0 = Release|Any CPU
		{B763EC4D-64ED-4D20-BC60-4A8886F707DA}.Release|x86.ActiveCfg = Release|Any CPU
		{B763EC4D-64ED-4D20-BC60-4A8886F707DA}.Release|x86.Build.0 = Release|Any CPU
		{928C2228-3D0F-4253-9705-5E71BAF1AB5B}.Debug|Any CPU.ActiveCfg = Debug|Any CPU
		{928C2228-3D0F-4253-9705-5E71BAF1AB5B}.Debug|Any CPU.Build.0 = Debug|Any CPU
		{928C2228-3D0F-4253-9705-5E71BAF1AB5B}.Debug|x64.ActiveCfg = Debug|Any CPU
		{928C2228-3D0F-4253-9705-5E71BAF1AB5B}.Debug|x64.Build.0 = Debug|Any CPU
		{928C2228-3D0F-4253-9705-5E71BAF1AB5B}.Debug|x86.ActiveCfg = Debug|Any CPU
		{928C2228-3D0F-4253-9705-5E71BAF1AB5B}.Debug|x86.Build.0 = Debug|Any CPU
		{928C2228-3D0F-4253-9705-5E71BAF1AB5B}.Release|Any CPU.ActiveCfg = Release|Any CPU
		{928C2228-3D0F-4253-9705-5E71BAF1AB5B}.Release|Any CPU.Build.0 = Release|Any CPU
		{928C2228-3D0F-4253-9705-5E71BAF1AB5B}.Release|x64.ActiveCfg = Release|Any CPU
		{928C2228-3D0F-4253-9705-5E71BAF1AB5B}.Release|x64.Build.0 = Release|Any CPU
		{928C2228-3D0F-4253-9705-5E71BAF1AB5B}.Release|x86.ActiveCfg = Release|Any CPU
		{928C2228-3D0F-4253-9705-5E71BAF1AB5B}.Release|x86.Build.0 = Release|Any CPU
		{E3349550-D6FD-477D-AFA0-525CE7B7EFD6}.Debug|Any CPU.ActiveCfg = Debug|Any CPU
		{E3349550-D6FD-477D-AFA0-525CE7B7EFD6}.Debug|Any CPU.Build.0 = Debug|Any CPU
		{E3349550-D6FD-477D-AFA0-525CE7B7EFD6}.Debug|x64.ActiveCfg = Debug|Any CPU
		{E3349550-D6FD-477D-AFA0-525CE7B7EFD6}.Debug|x64.Build.0 = Debug|Any CPU
		{E3349550-D6FD-477D-AFA0-525CE7B7EFD6}.Debug|x86.ActiveCfg = Debug|Any CPU
		{E3349550-D6FD-477D-AFA0-525CE7B7EFD6}.Debug|x86.Build.0 = Debug|Any CPU
		{E3349550-D6FD-477D-AFA0-525CE7B7EFD6}.Release|Any CPU.ActiveCfg = Release|Any CPU
		{E3349550-D6FD-477D-AFA0-525CE7B7EFD6}.Release|Any CPU.Build.0 = Release|Any CPU
		{E3349550-D6FD-477D-AFA0-525CE7B7EFD6}.Release|x64.ActiveCfg = Release|Any CPU
		{E3349550-D6FD-477D-AFA0-525CE7B7EFD6}.Release|x64.Build.0 = Release|Any CPU
		{E3349550-D6FD-477D-AFA0-525CE7B7EFD6}.Release|x86.ActiveCfg = Release|Any CPU
		{E3349550-D6FD-477D-AFA0-525CE7B7EFD6}.Release|x86.Build.0 = Release|Any CPU
		{191EC05C-A865-4396-90FB-7A7D19FF148C}.Debug|Any CPU.ActiveCfg = Debug|Any CPU
		{191EC05C-A865-4396-90FB-7A7D19FF148C}.Debug|Any CPU.Build.0 = Debug|Any CPU
		{191EC05C-A865-4396-90FB-7A7D19FF148C}.Debug|x64.ActiveCfg = Debug|Any CPU
		{191EC05C-A865-4396-90FB-7A7D19FF148C}.Debug|x64.Build.0 = Debug|Any CPU
		{191EC05C-A865-4396-90FB-7A7D19FF148C}.Debug|x86.ActiveCfg = Debug|Any CPU
		{191EC05C-A865-4396-90FB-7A7D19FF148C}.Debug|x86.Build.0 = Debug|Any CPU
		{191EC05C-A865-4396-90FB-7A7D19FF148C}.Release|Any CPU.ActiveCfg = Release|Any CPU
		{191EC05C-A865-4396-90FB-7A7D19FF148C}.Release|Any CPU.Build.0 = Release|Any CPU
		{191EC05C-A865-4396-90FB-7A7D19FF148C}.Release|x64.ActiveCfg = Release|Any CPU
		{191EC05C-A865-4396-90FB-7A7D19FF148C}.Release|x64.Build.0 = Release|Any CPU
		{191EC05C-A865-4396-90FB-7A7D19FF148C}.Release|x86.ActiveCfg = Release|Any CPU
		{191EC05C-A865-4396-90FB-7A7D19FF148C}.Release|x86.Build.0 = Release|Any CPU
		{005FE94C-477D-4B76-A4E5-C229D79F3D71}.Debug|Any CPU.ActiveCfg = Debug|Any CPU
		{005FE94C-477D-4B76-A4E5-C229D79F3D71}.Debug|Any CPU.Build.0 = Debug|Any CPU
		{005FE94C-477D-4B76-A4E5-C229D79F3D71}.Debug|x64.ActiveCfg = Debug|Any CPU
		{005FE94C-477D-4B76-A4E5-C229D79F3D71}.Debug|x64.Build.0 = Debug|Any CPU
		{005FE94C-477D-4B76-A4E5-C229D79F3D71}.Debug|x86.ActiveCfg = Debug|Any CPU
		{005FE94C-477D-4B76-A4E5-C229D79F3D71}.Debug|x86.Build.0 = Debug|Any CPU
		{005FE94C-477D-4B76-A4E5-C229D79F3D71}.Release|Any CPU.ActiveCfg = Release|Any CPU
		{005FE94C-477D-4B76-A4E5-C229D79F3D71}.Release|Any CPU.Build.0 = Release|Any CPU
		{005FE94C-477D-4B76-A4E5-C229D79F3D71}.Release|x64.ActiveCfg = Release|Any CPU
		{005FE94C-477D-4B76-A4E5-C229D79F3D71}.Release|x64.Build.0 = Release|Any CPU
		{005FE94C-477D-4B76-A4E5-C229D79F3D71}.Release|x86.ActiveCfg = Release|Any CPU
		{005FE94C-477D-4B76-A4E5-C229D79F3D71}.Release|x86.Build.0 = Release|Any CPU
		{8DD45CA4-7182-4310-B023-3FD6801655B8}.Debug|Any CPU.ActiveCfg = Debug|Any CPU
		{8DD45CA4-7182-4310-B023-3FD6801655B8}.Debug|Any CPU.Build.0 = Debug|Any CPU
		{8DD45CA4-7182-4310-B023-3FD6801655B8}.Debug|x64.ActiveCfg = Debug|Any CPU
		{8DD45CA4-7182-4310-B023-3FD6801655B8}.Debug|x64.Build.0 = Debug|Any CPU
		{8DD45CA4-7182-4310-B023-3FD6801655B8}.Debug|x86.ActiveCfg = Debug|Any CPU
		{8DD45CA4-7182-4310-B023-3FD6801655B8}.Debug|x86.Build.0 = Debug|Any CPU
		{8DD45CA4-7182-4310-B023-3FD6801655B8}.Release|Any CPU.ActiveCfg = Release|Any CPU
		{8DD45CA4-7182-4310-B023-3FD6801655B8}.Release|Any CPU.Build.0 = Release|Any CPU
		{8DD45CA4-7182-4310-B023-3FD6801655B8}.Release|x64.ActiveCfg = Release|Any CPU
		{8DD45CA4-7182-4310-B023-3FD6801655B8}.Release|x64.Build.0 = Release|Any CPU
		{8DD45CA4-7182-4310-B023-3FD6801655B8}.Release|x86.ActiveCfg = Release|Any CPU
		{8DD45CA4-7182-4310-B023-3FD6801655B8}.Release|x86.Build.0 = Release|Any CPU
		{49C37DF6-D4D1-44A1-8E5A-8C5C9B24ACF3}.Debug|Any CPU.ActiveCfg = Debug|Any CPU
		{49C37DF6-D4D1-44A1-8E5A-8C5C9B24ACF3}.Debug|Any CPU.Build.0 = Debug|Any CPU
		{49C37DF6-D4D1-44A1-8E5A-8C5C9B24ACF3}.Debug|x64.ActiveCfg = Debug|Any CPU
		{49C37DF6-D4D1-44A1-8E5A-8C5C9B24ACF3}.Debug|x64.Build.0 = Debug|Any CPU
		{49C37DF6-D4D1-44A1-8E5A-8C5C9B24ACF3}.Debug|x86.ActiveCfg = Debug|Any CPU
		{49C37DF6-D4D1-44A1-8E5A-8C5C9B24ACF3}.Debug|x86.Build.0 = Debug|Any CPU
		{49C37DF6-D4D1-44A1-8E5A-8C5C9B24ACF3}.Release|Any CPU.ActiveCfg = Release|Any CPU
		{49C37DF6-D4D1-44A1-8E5A-8C5C9B24ACF3}.Release|Any CPU.Build.0 = Release|Any CPU
		{49C37DF6-D4D1-44A1-8E5A-8C5C9B24ACF3}.Release|x64.ActiveCfg = Release|Any CPU
		{49C37DF6-D4D1-44A1-8E5A-8C5C9B24ACF3}.Release|x64.Build.0 = Release|Any CPU
		{49C37DF6-D4D1-44A1-8E5A-8C5C9B24ACF3}.Release|x86.ActiveCfg = Release|Any CPU
		{49C37DF6-D4D1-44A1-8E5A-8C5C9B24ACF3}.Release|x86.Build.0 = Release|Any CPU
		{24B449C0-DC03-43E7-A3FE-1263AEA4F600}.Debug|Any CPU.ActiveCfg = Debug|Any CPU
		{24B449C0-DC03-43E7-A3FE-1263AEA4F600}.Debug|Any CPU.Build.0 = Debug|Any CPU
		{24B449C0-DC03-43E7-A3FE-1263AEA4F600}.Debug|x64.ActiveCfg = Debug|Any CPU
		{24B449C0-DC03-43E7-A3FE-1263AEA4F600}.Debug|x64.Build.0 = Debug|Any CPU
		{24B449C0-DC03-43E7-A3FE-1263AEA4F600}.Debug|x86.ActiveCfg = Debug|Any CPU
		{24B449C0-DC03-43E7-A3FE-1263AEA4F600}.Debug|x86.Build.0 = Debug|Any CPU
		{24B449C0-DC03-43E7-A3FE-1263AEA4F600}.Release|Any CPU.ActiveCfg = Release|Any CPU
		{24B449C0-DC03-43E7-A3FE-1263AEA4F600}.Release|Any CPU.Build.0 = Release|Any CPU
		{24B449C0-DC03-43E7-A3FE-1263AEA4F600}.Release|x64.ActiveCfg = Release|Any CPU
		{24B449C0-DC03-43E7-A3FE-1263AEA4F600}.Release|x64.Build.0 = Release|Any CPU
		{24B449C0-DC03-43E7-A3FE-1263AEA4F600}.Release|x86.ActiveCfg = Release|Any CPU
		{24B449C0-DC03-43E7-A3FE-1263AEA4F600}.Release|x86.Build.0 = Release|Any CPU
		{CE118AEC-92AC-4A40-9660-037D2ABF0120}.Debug|Any CPU.ActiveCfg = Debug|Any CPU
		{CE118AEC-92AC-4A40-9660-037D2ABF0120}.Debug|Any CPU.Build.0 = Debug|Any CPU
		{CE118AEC-92AC-4A40-9660-037D2ABF0120}.Debug|x64.ActiveCfg = Debug|Any CPU
		{CE118AEC-92AC-4A40-9660-037D2ABF0120}.Debug|x64.Build.0 = Debug|Any CPU
		{CE118AEC-92AC-4A40-9660-037D2ABF0120}.Debug|x86.ActiveCfg = Debug|Any CPU
		{CE118AEC-92AC-4A40-9660-037D2ABF0120}.Debug|x86.Build.0 = Debug|Any CPU
		{CE118AEC-92AC-4A40-9660-037D2ABF0120}.Release|Any CPU.ActiveCfg = Release|Any CPU
		{CE118AEC-92AC-4A40-9660-037D2ABF0120}.Release|Any CPU.Build.0 = Release|Any CPU
		{CE118AEC-92AC-4A40-9660-037D2ABF0120}.Release|x64.ActiveCfg = Release|Any CPU
		{CE118AEC-92AC-4A40-9660-037D2ABF0120}.Release|x64.Build.0 = Release|Any CPU
		{CE118AEC-92AC-4A40-9660-037D2ABF0120}.Release|x86.ActiveCfg = Release|Any CPU
		{CE118AEC-92AC-4A40-9660-037D2ABF0120}.Release|x86.Build.0 = Release|Any CPU
		{CF8D3111-D81B-40C9-8C93-F35BB72B1F2C}.Debug|Any CPU.ActiveCfg = Debug|Any CPU
		{CF8D3111-D81B-40C9-8C93-F35BB72B1F2C}.Debug|Any CPU.Build.0 = Debug|Any CPU
		{CF8D3111-D81B-40C9-8C93-F35BB72B1F2C}.Debug|x64.ActiveCfg = Debug|Any CPU
		{CF8D3111-D81B-40C9-8C93-F35BB72B1F2C}.Debug|x64.Build.0 = Debug|Any CPU
		{CF8D3111-D81B-40C9-8C93-F35BB72B1F2C}.Debug|x86.ActiveCfg = Debug|Any CPU
		{CF8D3111-D81B-40C9-8C93-F35BB72B1F2C}.Debug|x86.Build.0 = Debug|Any CPU
		{CF8D3111-D81B-40C9-8C93-F35BB72B1F2C}.Release|Any CPU.ActiveCfg = Release|Any CPU
		{CF8D3111-D81B-40C9-8C93-F35BB72B1F2C}.Release|Any CPU.Build.0 = Release|Any CPU
		{CF8D3111-D81B-40C9-8C93-F35BB72B1F2C}.Release|x64.ActiveCfg = Release|Any CPU
		{CF8D3111-D81B-40C9-8C93-F35BB72B1F2C}.Release|x64.Build.0 = Release|Any CPU
		{CF8D3111-D81B-40C9-8C93-F35BB72B1F2C}.Release|x86.ActiveCfg = Release|Any CPU
		{CF8D3111-D81B-40C9-8C93-F35BB72B1F2C}.Release|x86.Build.0 = Release|Any CPU
		{7061CA5B-6866-4434-835D-8D9B546D4D3C}.Debug|Any CPU.ActiveCfg = Debug|Any CPU
		{7061CA5B-6866-4434-835D-8D9B546D4D3C}.Debug|Any CPU.Build.0 = Debug|Any CPU
		{7061CA5B-6866-4434-835D-8D9B546D4D3C}.Debug|x64.ActiveCfg = Debug|Any CPU
		{7061CA5B-6866-4434-835D-8D9B546D4D3C}.Debug|x64.Build.0 = Debug|Any CPU
		{7061CA5B-6866-4434-835D-8D9B546D4D3C}.Debug|x86.ActiveCfg = Debug|Any CPU
		{7061CA5B-6866-4434-835D-8D9B546D4D3C}.Debug|x86.Build.0 = Debug|Any CPU
		{7061CA5B-6866-4434-835D-8D9B546D4D3C}.Release|Any CPU.ActiveCfg = Release|Any CPU
		{7061CA5B-6866-4434-835D-8D9B546D4D3C}.Release|Any CPU.Build.0 = Release|Any CPU
		{7061CA5B-6866-4434-835D-8D9B546D4D3C}.Release|x64.ActiveCfg = Release|Any CPU
		{7061CA5B-6866-4434-835D-8D9B546D4D3C}.Release|x64.Build.0 = Release|Any CPU
		{7061CA5B-6866-4434-835D-8D9B546D4D3C}.Release|x86.ActiveCfg = Release|Any CPU
		{7061CA5B-6866-4434-835D-8D9B546D4D3C}.Release|x86.Build.0 = Release|Any CPU
		{7A46BDC2-5A31-4B5F-BD4A-34655B004447}.Debug|Any CPU.ActiveCfg = Debug|Any CPU
		{7A46BDC2-5A31-4B5F-BD4A-34655B004447}.Debug|Any CPU.Build.0 = Debug|Any CPU
		{7A46BDC2-5A31-4B5F-BD4A-34655B004447}.Debug|x64.ActiveCfg = Debug|Any CPU
		{7A46BDC2-5A31-4B5F-BD4A-34655B004447}.Debug|x64.Build.0 = Debug|Any CPU
		{7A46BDC2-5A31-4B5F-BD4A-34655B004447}.Debug|x86.ActiveCfg = Debug|Any CPU
		{7A46BDC2-5A31-4B5F-BD4A-34655B004447}.Debug|x86.Build.0 = Debug|Any CPU
		{7A46BDC2-5A31-4B5F-BD4A-34655B004447}.Release|Any CPU.ActiveCfg = Release|Any CPU
		{7A46BDC2-5A31-4B5F-BD4A-34655B004447}.Release|Any CPU.Build.0 = Release|Any CPU
		{7A46BDC2-5A31-4B5F-BD4A-34655B004447}.Release|x64.ActiveCfg = Release|Any CPU
		{7A46BDC2-5A31-4B5F-BD4A-34655B004447}.Release|x64.Build.0 = Release|Any CPU
		{7A46BDC2-5A31-4B5F-BD4A-34655B004447}.Release|x86.ActiveCfg = Release|Any CPU
		{7A46BDC2-5A31-4B5F-BD4A-34655B004447}.Release|x86.Build.0 = Release|Any CPU
		{60F534DA-26D4-4B7E-BD20-A60255B98E0C}.Debug|Any CPU.ActiveCfg = Debug|Any CPU
		{60F534DA-26D4-4B7E-BD20-A60255B98E0C}.Debug|Any CPU.Build.0 = Debug|Any CPU
		{60F534DA-26D4-4B7E-BD20-A60255B98E0C}.Debug|x64.ActiveCfg = Debug|Any CPU
		{60F534DA-26D4-4B7E-BD20-A60255B98E0C}.Debug|x64.Build.0 = Debug|Any CPU
		{60F534DA-26D4-4B7E-BD20-A60255B98E0C}.Debug|x86.ActiveCfg = Debug|Any CPU
		{60F534DA-26D4-4B7E-BD20-A60255B98E0C}.Debug|x86.Build.0 = Debug|Any CPU
		{60F534DA-26D4-4B7E-BD20-A60255B98E0C}.Release|Any CPU.ActiveCfg = Release|Any CPU
		{60F534DA-26D4-4B7E-BD20-A60255B98E0C}.Release|Any CPU.Build.0 = Release|Any CPU
		{60F534DA-26D4-4B7E-BD20-A60255B98E0C}.Release|x64.ActiveCfg = Release|Any CPU
		{60F534DA-26D4-4B7E-BD20-A60255B98E0C}.Release|x64.Build.0 = Release|Any CPU
		{60F534DA-26D4-4B7E-BD20-A60255B98E0C}.Release|x86.ActiveCfg = Release|Any CPU
		{60F534DA-26D4-4B7E-BD20-A60255B98E0C}.Release|x86.Build.0 = Release|Any CPU
		{2D3DD25C-6E2B-4C67-8E0C-7C9ABAE740C7}.Debug|Any CPU.ActiveCfg = Debug|Any CPU
		{2D3DD25C-6E2B-4C67-8E0C-7C9ABAE740C7}.Debug|Any CPU.Build.0 = Debug|Any CPU
		{2D3DD25C-6E2B-4C67-8E0C-7C9ABAE740C7}.Debug|x64.ActiveCfg = Debug|Any CPU
		{2D3DD25C-6E2B-4C67-8E0C-7C9ABAE740C7}.Debug|x64.Build.0 = Debug|Any CPU
		{2D3DD25C-6E2B-4C67-8E0C-7C9ABAE740C7}.Debug|x86.ActiveCfg = Debug|Any CPU
		{2D3DD25C-6E2B-4C67-8E0C-7C9ABAE740C7}.Debug|x86.Build.0 = Debug|Any CPU
		{2D3DD25C-6E2B-4C67-8E0C-7C9ABAE740C7}.Release|Any CPU.ActiveCfg = Release|Any CPU
		{2D3DD25C-6E2B-4C67-8E0C-7C9ABAE740C7}.Release|Any CPU.Build.0 = Release|Any CPU
		{2D3DD25C-6E2B-4C67-8E0C-7C9ABAE740C7}.Release|x64.ActiveCfg = Release|Any CPU
		{2D3DD25C-6E2B-4C67-8E0C-7C9ABAE740C7}.Release|x64.Build.0 = Release|Any CPU
		{2D3DD25C-6E2B-4C67-8E0C-7C9ABAE740C7}.Release|x86.ActiveCfg = Release|Any CPU
		{2D3DD25C-6E2B-4C67-8E0C-7C9ABAE740C7}.Release|x86.Build.0 = Release|Any CPU
		{499DA91B-5E04-4025-702E-B686854E88D0}.Debug|Any CPU.ActiveCfg = Debug|Any CPU
		{499DA91B-5E04-4025-702E-B686854E88D0}.Debug|Any CPU.Build.0 = Debug|Any CPU
		{499DA91B-5E04-4025-702E-B686854E88D0}.Debug|x64.ActiveCfg = Debug|Any CPU
		{499DA91B-5E04-4025-702E-B686854E88D0}.Debug|x64.Build.0 = Debug|Any CPU
		{499DA91B-5E04-4025-702E-B686854E88D0}.Debug|x86.ActiveCfg = Debug|Any CPU
		{499DA91B-5E04-4025-702E-B686854E88D0}.Debug|x86.Build.0 = Debug|Any CPU
		{499DA91B-5E04-4025-702E-B686854E88D0}.Release|Any CPU.ActiveCfg = Release|Any CPU
		{499DA91B-5E04-4025-702E-B686854E88D0}.Release|Any CPU.Build.0 = Release|Any CPU
		{499DA91B-5E04-4025-702E-B686854E88D0}.Release|x64.ActiveCfg = Release|Any CPU
		{499DA91B-5E04-4025-702E-B686854E88D0}.Release|x64.Build.0 = Release|Any CPU
		{499DA91B-5E04-4025-702E-B686854E88D0}.Release|x86.ActiveCfg = Release|Any CPU
		{499DA91B-5E04-4025-702E-B686854E88D0}.Release|x86.Build.0 = Release|Any CPU
		{37D080EF-F243-B3DC-B41C-199C53D3C532}.Debug|Any CPU.ActiveCfg = Debug|Any CPU
		{37D080EF-F243-B3DC-B41C-199C53D3C532}.Debug|Any CPU.Build.0 = Debug|Any CPU
		{37D080EF-F243-B3DC-B41C-199C53D3C532}.Debug|x64.ActiveCfg = Debug|Any CPU
		{37D080EF-F243-B3DC-B41C-199C53D3C532}.Debug|x64.Build.0 = Debug|Any CPU
		{37D080EF-F243-B3DC-B41C-199C53D3C532}.Debug|x86.ActiveCfg = Debug|Any CPU
		{37D080EF-F243-B3DC-B41C-199C53D3C532}.Debug|x86.Build.0 = Debug|Any CPU
		{37D080EF-F243-B3DC-B41C-199C53D3C532}.Release|Any CPU.ActiveCfg = Release|Any CPU
		{37D080EF-F243-B3DC-B41C-199C53D3C532}.Release|Any CPU.Build.0 = Release|Any CPU
		{37D080EF-F243-B3DC-B41C-199C53D3C532}.Release|x64.ActiveCfg = Release|Any CPU
		{37D080EF-F243-B3DC-B41C-199C53D3C532}.Release|x64.Build.0 = Release|Any CPU
		{37D080EF-F243-B3DC-B41C-199C53D3C532}.Release|x86.ActiveCfg = Release|Any CPU
		{37D080EF-F243-B3DC-B41C-199C53D3C532}.Release|x86.Build.0 = Release|Any CPU
		{5B3800DC-846A-472C-973A-723FD83ACE4A}.Debug|Any CPU.ActiveCfg = Debug|Any CPU
		{5B3800DC-846A-472C-973A-723FD83ACE4A}.Debug|Any CPU.Build.0 = Debug|Any CPU
		{5B3800DC-846A-472C-973A-723FD83ACE4A}.Debug|x64.ActiveCfg = Debug|Any CPU
		{5B3800DC-846A-472C-973A-723FD83ACE4A}.Debug|x64.Build.0 = Debug|Any CPU
		{5B3800DC-846A-472C-973A-723FD83ACE4A}.Debug|x86.ActiveCfg = Debug|Any CPU
		{5B3800DC-846A-472C-973A-723FD83ACE4A}.Debug|x86.Build.0 = Debug|Any CPU
		{5B3800DC-846A-472C-973A-723FD83ACE4A}.Release|Any CPU.ActiveCfg = Release|Any CPU
		{5B3800DC-846A-472C-973A-723FD83ACE4A}.Release|Any CPU.Build.0 = Release|Any CPU
		{5B3800DC-846A-472C-973A-723FD83ACE4A}.Release|x64.ActiveCfg = Release|Any CPU
		{5B3800DC-846A-472C-973A-723FD83ACE4A}.Release|x64.Build.0 = Release|Any CPU
		{5B3800DC-846A-472C-973A-723FD83ACE4A}.Release|x86.ActiveCfg = Release|Any CPU
		{5B3800DC-846A-472C-973A-723FD83ACE4A}.Release|x86.Build.0 = Release|Any CPU
		{D27DD3BF-872A-42F1-9832-5CAF3B448375}.Debug|Any CPU.ActiveCfg = Debug|Any CPU
		{D27DD3BF-872A-42F1-9832-5CAF3B448375}.Debug|Any CPU.Build.0 = Debug|Any CPU
		{D27DD3BF-872A-42F1-9832-5CAF3B448375}.Debug|x64.ActiveCfg = Debug|Any CPU
		{D27DD3BF-872A-42F1-9832-5CAF3B448375}.Debug|x64.Build.0 = Debug|Any CPU
		{D27DD3BF-872A-42F1-9832-5CAF3B448375}.Debug|x86.ActiveCfg = Debug|Any CPU
		{D27DD3BF-872A-42F1-9832-5CAF3B448375}.Debug|x86.Build.0 = Debug|Any CPU
		{D27DD3BF-872A-42F1-9832-5CAF3B448375}.Release|Any CPU.ActiveCfg = Release|Any CPU
		{D27DD3BF-872A-42F1-9832-5CAF3B448375}.Release|Any CPU.Build.0 = Release|Any CPU
		{D27DD3BF-872A-42F1-9832-5CAF3B448375}.Release|x64.ActiveCfg = Release|Any CPU
		{D27DD3BF-872A-42F1-9832-5CAF3B448375}.Release|x64.Build.0 = Release|Any CPU
		{D27DD3BF-872A-42F1-9832-5CAF3B448375}.Release|x86.ActiveCfg = Release|Any CPU
		{D27DD3BF-872A-42F1-9832-5CAF3B448375}.Release|x86.Build.0 = Release|Any CPU
		{9BC104A2-CF59-478C-A5E8-4DEB297C58A9}.Debug|Any CPU.ActiveCfg = Debug|Any CPU
		{9BC104A2-CF59-478C-A5E8-4DEB297C58A9}.Debug|Any CPU.Build.0 = Debug|Any CPU
		{9BC104A2-CF59-478C-A5E8-4DEB297C58A9}.Debug|x64.ActiveCfg = Debug|Any CPU
		{9BC104A2-CF59-478C-A5E8-4DEB297C58A9}.Debug|x64.Build.0 = Debug|Any CPU
		{9BC104A2-CF59-478C-A5E8-4DEB297C58A9}.Debug|x86.ActiveCfg = Debug|Any CPU
		{9BC104A2-CF59-478C-A5E8-4DEB297C58A9}.Debug|x86.Build.0 = Debug|Any CPU
		{9BC104A2-CF59-478C-A5E8-4DEB297C58A9}.Release|Any CPU.ActiveCfg = Release|Any CPU
		{9BC104A2-CF59-478C-A5E8-4DEB297C58A9}.Release|Any CPU.Build.0 = Release|Any CPU
		{9BC104A2-CF59-478C-A5E8-4DEB297C58A9}.Release|x64.ActiveCfg = Release|Any CPU
		{9BC104A2-CF59-478C-A5E8-4DEB297C58A9}.Release|x64.Build.0 = Release|Any CPU
		{9BC104A2-CF59-478C-A5E8-4DEB297C58A9}.Release|x86.ActiveCfg = Release|Any CPU
		{9BC104A2-CF59-478C-A5E8-4DEB297C58A9}.Release|x86.Build.0 = Release|Any CPU
		{250F42A0-3425-4FAD-BFE0-724CC71386BE}.Debug|Any CPU.ActiveCfg = Debug|Any CPU
		{250F42A0-3425-4FAD-BFE0-724CC71386BE}.Debug|Any CPU.Build.0 = Debug|Any CPU
		{250F42A0-3425-4FAD-BFE0-724CC71386BE}.Debug|x64.ActiveCfg = Debug|Any CPU
		{250F42A0-3425-4FAD-BFE0-724CC71386BE}.Debug|x64.Build.0 = Debug|Any CPU
		{250F42A0-3425-4FAD-BFE0-724CC71386BE}.Debug|x86.ActiveCfg = Debug|Any CPU
		{250F42A0-3425-4FAD-BFE0-724CC71386BE}.Debug|x86.Build.0 = Debug|Any CPU
		{250F42A0-3425-4FAD-BFE0-724CC71386BE}.Release|Any CPU.ActiveCfg = Release|Any CPU
		{250F42A0-3425-4FAD-BFE0-724CC71386BE}.Release|Any CPU.Build.0 = Release|Any CPU
		{250F42A0-3425-4FAD-BFE0-724CC71386BE}.Release|x64.ActiveCfg = Release|Any CPU
		{250F42A0-3425-4FAD-BFE0-724CC71386BE}.Release|x64.Build.0 = Release|Any CPU
		{250F42A0-3425-4FAD-BFE0-724CC71386BE}.Release|x86.ActiveCfg = Release|Any CPU
		{250F42A0-3425-4FAD-BFE0-724CC71386BE}.Release|x86.Build.0 = Release|Any CPU
		{DB96DDDA-684C-4942-B6CD-FA4F113F0321}.Debug|Any CPU.ActiveCfg = Debug|Any CPU
		{DB96DDDA-684C-4942-B6CD-FA4F113F0321}.Debug|Any CPU.Build.0 = Debug|Any CPU
		{DB96DDDA-684C-4942-B6CD-FA4F113F0321}.Debug|x64.ActiveCfg = Debug|Any CPU
		{DB96DDDA-684C-4942-B6CD-FA4F113F0321}.Debug|x64.Build.0 = Debug|Any CPU
		{DB96DDDA-684C-4942-B6CD-FA4F113F0321}.Debug|x86.ActiveCfg = Debug|Any CPU
		{DB96DDDA-684C-4942-B6CD-FA4F113F0321}.Debug|x86.Build.0 = Debug|Any CPU
		{DB96DDDA-684C-4942-B6CD-FA4F113F0321}.Release|Any CPU.ActiveCfg = Release|Any CPU
		{DB96DDDA-684C-4942-B6CD-FA4F113F0321}.Release|Any CPU.Build.0 = Release|Any CPU
		{DB96DDDA-684C-4942-B6CD-FA4F113F0321}.Release|x64.ActiveCfg = Release|Any CPU
		{DB96DDDA-684C-4942-B6CD-FA4F113F0321}.Release|x64.Build.0 = Release|Any CPU
		{DB96DDDA-684C-4942-B6CD-FA4F113F0321}.Release|x86.ActiveCfg = Release|Any CPU
		{DB96DDDA-684C-4942-B6CD-FA4F113F0321}.Release|x86.Build.0 = Release|Any CPU
	EndGlobalSection
	GlobalSection(SolutionProperties) = preSolution
		HideSolutionNode = FALSE
	EndGlobalSection
	GlobalSection(NestedProjects) = preSolution
		{82A9A3D7-E871-416E-8B5F-67B0425EC073} = {84B1F3E5-C6BA-129B-1086-82E6A46E3605}
		{52131D0C-76B1-4CA2-86D6-6C10DD9355A5} = {A8C354E3-87FE-46CB-9CB4-EC3B01C39684}
		{B763EC4D-64ED-4D20-BC60-4A8886F707DA} = {18ECBEC0-5687-4833-BCFB-84538E62172D}
		{928C2228-3D0F-4253-9705-5E71BAF1AB5B} = {18ECBEC0-5687-4833-BCFB-84538E62172D}
		{E3349550-D6FD-477D-AFA0-525CE7B7EFD6} = {1E3022F4-1620-4087-A015-7FFF0906AE14}
		{191EC05C-A865-4396-90FB-7A7D19FF148C} = {BD9AFC47-1336-443C-9EBE-3CF52A128194}
		{005FE94C-477D-4B76-A4E5-C229D79F3D71} = {84B1F3E5-C6BA-129B-1086-82E6A46E3605}
		{8DD45CA4-7182-4310-B023-3FD6801655B8} = {3DD76AB1-746D-47AC-B86D-8EC376CD238B}
		{49C37DF6-D4D1-44A1-8E5A-8C5C9B24ACF3} = {3DD76AB1-746D-47AC-B86D-8EC376CD238B}
		{24B449C0-DC03-43E7-A3FE-1263AEA4F600} = {828D4C8B-EE27-4ECD-8C89-8D4FD7E67BD6}
		{CE118AEC-92AC-4A40-9660-037D2ABF0120} = {828D4C8B-EE27-4ECD-8C89-8D4FD7E67BD6}
		{CF8D3111-D81B-40C9-8C93-F35BB72B1F2C} = {BD9AFC47-1336-443C-9EBE-3CF52A128194}
		{7061CA5B-6866-4434-835D-8D9B546D4D3C} = {1E3022F4-1620-4087-A015-7FFF0906AE14}
		{7A46BDC2-5A31-4B5F-BD4A-34655B004447} = {85ACCD77-5B35-4AE7-BF04-C47E7E5AB720}
		{60F534DA-26D4-4B7E-BD20-A60255B98E0C} = {BD9AFC47-1336-443C-9EBE-3CF52A128194}
		{2D3DD25C-6E2B-4C67-8E0C-7C9ABAE740C7} = {BD9AFC47-1336-443C-9EBE-3CF52A128194}
		{499DA91B-5E04-4025-702E-B686854E88D0} = {BD9AFC47-1336-443C-9EBE-3CF52A128194}
		{37D080EF-F243-B3DC-B41C-199C53D3C532} = {BD9AFC47-1336-443C-9EBE-3CF52A128194}
		{0587004C-A025-4364-B7C5-204C1C40ECF5} = {26614E2E-249E-4A54-B47B-BCBDF5CA11EB}
		{318182F9-1A63-21D8-BC00-374489A38B40} = {0D9F6678-A001-FC4E-FBF2-B00713E704D4}
		{5B3800DC-846A-472C-973A-723FD83ACE4A} = {318182F9-1A63-21D8-BC00-374489A38B40}
		{84B1F3E5-C6BA-129B-1086-82E6A46E3605} = {AEEADF3F-954E-44CA-8345-E024CC04F405}
		{0354BC8F-AF3A-EAF7-C0C5-221B3C0F9ABA} = {0D9F6678-A001-FC4E-FBF2-B00713E704D4}
		{D27DD3BF-872A-42F1-9832-5CAF3B448375} = {0354BC8F-AF3A-EAF7-C0C5-221B3C0F9ABA}
		{3C6E83BA-6512-13F8-AEA4-119B54603696} = {78DDA25A-7C38-13C4-DE39-740FEE45D7B1}
		{9BC104A2-CF59-478C-A5E8-4DEB297C58A9} = {3C6E83BA-6512-13F8-AEA4-119B54603696}
		{356E9BEA-3AEE-8DE9-06DB-428879174E77} = {828D4C8B-EE27-4ECD-8C89-8D4FD7E67BD6}
		{F1FE9192-0A89-6023-C3D0-33840B031BAE} = {78DDA25A-7C38-13C4-DE39-740FEE45D7B1}
		{250F42A0-3425-4FAD-BFE0-724CC71386BE} = {F1FE9192-0A89-6023-C3D0-33840B031BAE}
		{A8C354E3-87FE-46CB-9CB4-EC3B01C39684} = {AEEADF3F-954E-44CA-8345-E024CC04F405}
		{DB96DDDA-684C-4942-B6CD-FA4F113F0321} = {1E3022F4-1620-4087-A015-7FFF0906AE14}
	EndGlobalSection
	GlobalSection(ExtensibilityGlobals) = postSolution
		SolutionGuid = {B687416C-3313-4018-820C-DD90FD4367E9}
	EndGlobalSection
EndGlobal
