
Microsoft Visual Studio Solution File, Format Version 12.00
# Visual Studio Version 17
VisualStudioVersion = 17.0.31903.59
MinimumVisualStudioVersion = 10.0.40219.1
Project("{2150E333-8FDC-42A3-9474-1A3956D46DE8}") = "Solution Items", "Solution Items", "{DCF81061-FBF4-44DB-9452-EA12D0021D46}"
	ProjectSection(SolutionItems) = preProject
		shared\commontest.props = shared\commontest.props
		Directory.Build.props = Directory.Build.props
		Directory.Packages.props = Directory.Packages.props
		shared\xunit.runner.json = shared\xunit.runner.json
	EndProjectSection
EndProject
Project("{2150E333-8FDC-42A3-9474-1A3956D46DE8}") = "Core", "Core", "{AA0AD7A8-626D-4F3A-9C79-53A04FD3C720}"
EndProject
Project("{9A19103F-16F7-4668-BE54-9A1E7A4F7556}") = "Core", "Core\src\Core.csproj", "{3FFEE9B5-3914-44A2-953E-94E0A27AFF25}"
EndProject
Project("{9A19103F-16F7-4668-BE54-9A1E7A4F7556}") = "Core.Tests", "Core\tests\Core.Tests.csproj", "{9C28ADE8-5269-4991-8B5B-69E05120E647}"
EndProject
Project("{2150E333-8FDC-42A3-9474-1A3956D46DE8}") = "CommonValueObject", "CommonValueObject", "{AEEADF3F-954E-44CA-8345-E024CC04F405}"
EndProject
Project("{9A19103F-16F7-4668-BE54-9A1E7A4F7556}") = "CommonValueObjects", "CommonValueObjects\src\CommonValueObjects.csproj", "{82A9A3D7-E871-416E-8B5F-67B0425EC073}"
EndProject
Project("{9A19103F-16F7-4668-BE54-9A1E7A4F7556}") = "CommonValueObjects.Tests", "CommonValueObjects\tests\CommonValueObjects.Tests.csproj", "{52131D0C-76B1-4CA2-86D6-6C10DD9355A5}"
EndProject
Project("{2150E333-8FDC-42A3-9474-1A3956D46DE8}") = "Examples", "Examples", "{BD9AFC47-1336-443C-9EBE-3CF52A128194}"
EndProject
Project("{2150E333-8FDC-42A3-9474-1A3956D46DE8}") = "FluentValidations", "FluentValidations", "{18ECBEC0-5687-4833-BCFB-84538E62172D}"
EndProject
Project("{9A19103F-16F7-4668-BE54-9A1E7A4F7556}") = "FluentValidation", "FluentValidation\src\FluentValidation.csproj", "{B763EC4D-64ED-4D20-BC60-4A8886F707DA}"
EndProject
Project("{9A19103F-16F7-4668-BE54-9A1E7A4F7556}") = "FluentValidation.Tests", "FluentValidation\tests\FluentValidation.Tests.csproj", "{928C2228-3D0F-4253-9705-5E71BAF1AB5B}"
EndProject
Project("{2150E333-8FDC-42A3-9474-1A3956D46DE8}") = "Asp", "Asp", "{1E3022F4-1620-4087-A015-7FFF0906AE14}"
EndProject
Project("{9A19103F-16F7-4668-BE54-9A1E7A4F7556}") = "Asp", "Asp\src\Asp.csproj", "{E3349550-D6FD-477D-AFA0-525CE7B7EFD6}"
EndProject
Project("{9A19103F-16F7-4668-BE54-9A1E7A4F7556}") = "Example.Tests", "Examples\Xunit\Example.Tests.csproj", "{191EC05C-A865-4396-90FB-7A7D19FF148C}"
EndProject
Project("{9A19103F-16F7-4668-BE54-9A1E7A4F7556}") = "SampleWebApplication", "Examples\SampleWebApplication\SampleWebApplication.csproj", "{E62C77A3-AE90-44A5-868F-2323CD81591E}"
EndProject
Project("{9A19103F-16F7-4668-BE54-9A1E7A4F7556}") = "CommonValueObjectGenerator", "CommonValueObjects\generator\CommonValueObjectGenerator.csproj", "{005FE94C-477D-4B76-A4E5-C229D79F3D71}"
EndProject
Global
	GlobalSection(SolutionConfigurationPlatforms) = preSolution
		Debug|Any CPU = Debug|Any CPU
		Release|Any CPU = Release|Any CPU
	EndGlobalSection
	GlobalSection(ProjectConfigurationPlatforms) = postSolution
		{3FFEE9B5-3914-44A2-953E-94E0A27AFF25}.Debug|Any CPU.ActiveCfg = Debug|Any CPU
		{3FFEE9B5-3914-44A2-953E-94E0A27AFF25}.Debug|Any CPU.Build.0 = Debug|Any CPU
		{3FFEE9B5-3914-44A2-953E-94E0A27AFF25}.Release|Any CPU.ActiveCfg = Release|Any CPU
		{3FFEE9B5-3914-44A2-953E-94E0A27AFF25}.Release|Any CPU.Build.0 = Release|Any CPU
		{9C28ADE8-5269-4991-8B5B-69E05120E647}.Debug|Any CPU.ActiveCfg = Debug|Any CPU
		{9C28ADE8-5269-4991-8B5B-69E05120E647}.Debug|Any CPU.Build.0 = Debug|Any CPU
		{9C28ADE8-5269-4991-8B5B-69E05120E647}.Release|Any CPU.ActiveCfg = Release|Any CPU
		{9C28ADE8-5269-4991-8B5B-69E05120E647}.Release|Any CPU.Build.0 = Release|Any CPU
		{82A9A3D7-E871-416E-8B5F-67B0425EC073}.Debug|Any CPU.ActiveCfg = Debug|Any CPU
		{82A9A3D7-E871-416E-8B5F-67B0425EC073}.Debug|Any CPU.Build.0 = Debug|Any CPU
		{82A9A3D7-E871-416E-8B5F-67B0425EC073}.Release|Any CPU.ActiveCfg = Release|Any CPU
		{82A9A3D7-E871-416E-8B5F-67B0425EC073}.Release|Any CPU.Build.0 = Release|Any CPU
		{52131D0C-76B1-4CA2-86D6-6C10DD9355A5}.Debug|Any CPU.ActiveCfg = Debug|Any CPU
		{52131D0C-76B1-4CA2-86D6-6C10DD9355A5}.Debug|Any CPU.Build.0 = Debug|Any CPU
		{52131D0C-76B1-4CA2-86D6-6C10DD9355A5}.Release|Any CPU.ActiveCfg = Release|Any CPU
		{52131D0C-76B1-4CA2-86D6-6C10DD9355A5}.Release|Any CPU.Build.0 = Release|Any CPU
		{B763EC4D-64ED-4D20-BC60-4A8886F707DA}.Debug|Any CPU.ActiveCfg = Debug|Any CPU
		{B763EC4D-64ED-4D20-BC60-4A8886F707DA}.Debug|Any CPU.Build.0 = Debug|Any CPU
		{B763EC4D-64ED-4D20-BC60-4A8886F707DA}.Release|Any CPU.ActiveCfg = Release|Any CPU
		{B763EC4D-64ED-4D20-BC60-4A8886F707DA}.Release|Any CPU.Build.0 = Release|Any CPU
		{928C2228-3D0F-4253-9705-5E71BAF1AB5B}.Debug|Any CPU.ActiveCfg = Debug|Any CPU
		{928C2228-3D0F-4253-9705-5E71BAF1AB5B}.Debug|Any CPU.Build.0 = Debug|Any CPU
		{928C2228-3D0F-4253-9705-5E71BAF1AB5B}.Release|Any CPU.ActiveCfg = Release|Any CPU
		{928C2228-3D0F-4253-9705-5E71BAF1AB5B}.Release|Any CPU.Build.0 = Release|Any CPU
		{E3349550-D6FD-477D-AFA0-525CE7B7EFD6}.Debug|Any CPU.ActiveCfg = Debug|Any CPU
		{E3349550-D6FD-477D-AFA0-525CE7B7EFD6}.Debug|Any CPU.Build.0 = Debug|Any CPU
		{E3349550-D6FD-477D-AFA0-525CE7B7EFD6}.Release|Any CPU.ActiveCfg = Release|Any CPU
		{E3349550-D6FD-477D-AFA0-525CE7B7EFD6}.Release|Any CPU.Build.0 = Release|Any CPU
		{191EC05C-A865-4396-90FB-7A7D19FF148C}.Debug|Any CPU.ActiveCfg = Debug|Any CPU
		{191EC05C-A865-4396-90FB-7A7D19FF148C}.Debug|Any CPU.Build.0 = Debug|Any CPU
		{191EC05C-A865-4396-90FB-7A7D19FF148C}.Release|Any CPU.ActiveCfg = Release|Any CPU
		{191EC05C-A865-4396-90FB-7A7D19FF148C}.Release|Any CPU.Build.0 = Release|Any CPU
		{E62C77A3-AE90-44A5-868F-2323CD81591E}.Debug|Any CPU.ActiveCfg = Debug|Any CPU
		{E62C77A3-AE90-44A5-868F-2323CD81591E}.Debug|Any CPU.Build.0 = Debug|Any CPU
		{E62C77A3-AE90-44A5-868F-2323CD81591E}.Release|Any CPU.ActiveCfg = Release|Any CPU
		{E62C77A3-AE90-44A5-868F-2323CD81591E}.Release|Any CPU.Build.0 = Release|Any CPU
		{005FE94C-477D-4B76-A4E5-C229D79F3D71}.Debug|Any CPU.ActiveCfg = Debug|Any CPU
		{005FE94C-477D-4B76-A4E5-C229D79F3D71}.Debug|Any CPU.Build.0 = Debug|Any CPU
		{005FE94C-477D-4B76-A4E5-C229D79F3D71}.Release|Any CPU.ActiveCfg = Release|Any CPU
		{005FE94C-477D-4B76-A4E5-C229D79F3D71}.Release|Any CPU.Build.0 = Release|Any CPU
	EndGlobalSection
	GlobalSection(SolutionProperties) = preSolution
		HideSolutionNode = FALSE
	EndGlobalSection
	GlobalSection(NestedProjects) = preSolution
		{3FFEE9B5-3914-44A2-953E-94E0A27AFF25} = {AA0AD7A8-626D-4F3A-9C79-53A04FD3C720}
		{9C28ADE8-5269-4991-8B5B-69E05120E647} = {AA0AD7A8-626D-4F3A-9C79-53A04FD3C720}
		{82A9A3D7-E871-416E-8B5F-67B0425EC073} = {AEEADF3F-954E-44CA-8345-E024CC04F405}
		{52131D0C-76B1-4CA2-86D6-6C10DD9355A5} = {AEEADF3F-954E-44CA-8345-E024CC04F405}
		{B763EC4D-64ED-4D20-BC60-4A8886F707DA} = {18ECBEC0-5687-4833-BCFB-84538E62172D}
		{928C2228-3D0F-4253-9705-5E71BAF1AB5B} = {18ECBEC0-5687-4833-BCFB-84538E62172D}
		{E3349550-D6FD-477D-AFA0-525CE7B7EFD6} = {1E3022F4-1620-4087-A015-7FFF0906AE14}
		{191EC05C-A865-4396-90FB-7A7D19FF148C} = {BD9AFC47-1336-443C-9EBE-3CF52A128194}
		{E62C77A3-AE90-44A5-868F-2323CD81591E} = {BD9AFC47-1336-443C-9EBE-3CF52A128194}
		{005FE94C-477D-4B76-A4E5-C229D79F3D71} = {AEEADF3F-954E-44CA-8345-E024CC04F405}
	EndGlobalSection
	GlobalSection(ExtensibilityGlobals) = postSolution
		SolutionGuid = {B687416C-3313-4018-820C-DD90FD4367E9}
	EndGlobalSection
EndGlobal
