
Microsoft Visual Studio Solution File, Format Version 12.00
# Visual Studio Version 18
VisualStudioVersion = 18.1.11312.151
MinimumVisualStudioVersion = 10.0.40219.1
Project("{2150E333-8FDC-42A3-9474-1A3956D46DE8}") = "Solution Items", "Solution Items", "{DCF81061-FBF4-44DB-9452-EA12D0021D46}"
	ProjectSection(SolutionItems) = preProject
		.editorconfig = .editorconfig
		BENCHMARKS.md = BENCHMARKS.md
		Directory.Build.props = Directory.Build.props
		Directory.Packages.props = Directory.Packages.props
		global.json = global.json
		Examples\QUICKSTART.md = Examples\QUICKSTART.md
		README.md = README.md
		Examples\README.md = Examples\README.md
		version.json = version.json
	EndProjectSection
EndProject
Project("{2150E333-8FDC-42A3-9474-1A3956D46DE8}") = "CommonValueObject", "CommonValueObject", "{AEEADF3F-954E-44CA-8345-E024CC04F405}"
EndProject
Project("{9A19103F-16F7-4668-BE54-9A1E7A4F7556}") = "CommonValueObjects", "CommonValueObjects\src\CommonValueObjects.csproj", "{82A9A3D7-E871-416E-8B5F-67B0425EC073}"
EndProject
Project("{9A19103F-16F7-4668-BE54-9A1E7A4F7556}") = "CommonValueObjects.Tests", "CommonValueObjects\tests\CommonValueObjects.Tests.csproj", "{52131D0C-76B1-4CA2-86D6-6C10DD9355A5}"
EndProject
Project("{2150E333-8FDC-42A3-9474-1A3956D46DE8}") = "Examples", "Examples", "{BD9AFC47-1336-443C-9EBE-3CF52A128194}"
EndProject
Project("{2150E333-8FDC-42A3-9474-1A3956D46DE8}") = "FluentValidations", "FluentValidations", "{18ECBEC0-5687-4833-BCFB-84538E62172D}"
EndProject
Project("{9A19103F-16F7-4668-BE54-9A1E7A4F7556}") = "FluentValidation", "FluentValidation\src\FluentValidation.csproj", "{B763EC4D-64ED-4D20-BC60-4A8886F707DA}"
EndProject
Project("{9A19103F-16F7-4668-BE54-9A1E7A4F7556}") = "FluentValidation.Tests", "FluentValidation\tests\FluentValidation.Tests.csproj", "{928C2228-3D0F-4253-9705-5E71BAF1AB5B}"
EndProject
Project("{2150E333-8FDC-42A3-9474-1A3956D46DE8}") = "Asp", "Asp", "{1E3022F4-1620-4087-A015-7FFF0906AE14}"
EndProject
Project("{9A19103F-16F7-4668-BE54-9A1E7A4F7556}") = "Asp", "Asp\src\Asp.csproj", "{E3349550-D6FD-477D-AFA0-525CE7B7EFD6}"
EndProject
Project("{9A19103F-16F7-4668-BE54-9A1E7A4F7556}") = "Example.Tests", "Examples\Xunit\Example.Tests.csproj", "{191EC05C-A865-4396-90FB-7A7D19FF148C}"
EndProject
Project("{9A19103F-16F7-4668-BE54-9A1E7A4F7556}") = "CommonValueObjectGenerator", "CommonValueObjects\generator\CommonValueObjectGenerator.csproj", "{005FE94C-477D-4B76-A4E5-C229D79F3D71}"
EndProject
Project("{2150E333-8FDC-42A3-9474-1A3956D46DE8}") = "RailwayOrientedProgramming", "RailwayOrientedProgramming", "{3DD76AB1-746D-47AC-B86D-8EC376CD238B}"
EndProject
Project("{9A19103F-16F7-4668-BE54-9A1E7A4F7556}") = "RailwayOrientedProgramming", "RailwayOrientedProgramming\src\RailwayOrientedProgramming.csproj", "{8DD45CA4-7182-4310-B023-3FD6801655B8}"
EndProject
Project("{9A19103F-16F7-4668-BE54-9A1E7A4F7556}") = "RailwayOrientedProgramming.Tests", "RailwayOrientedProgramming\tests\RailwayOrientedProgramming.Tests.csproj", "{49C37DF6-D4D1-44A1-8E5A-8C5C9B24ACF3}"
EndProject
Project("{2150E333-8FDC-42A3-9474-1A3956D46DE8}") = "DomainDrivenDesign", "DomainDrivenDesign", "{828D4C8B-EE27-4ECD-8C89-8D4FD7E67BD6}"
EndProject
Project("{9A19103F-16F7-4668-BE54-9A1E7A4F7556}") = "DomainDrivenDesign", "DomainDrivenDesign\src\DomainDrivenDesign.csproj", "{24B449C0-DC03-43E7-A3FE-1263AEA4F600}"
EndProject
Project("{9A19103F-16F7-4668-BE54-9A1E7A4F7556}") = "DomainDrivenDesign.Tests", "DomainDrivenDesign\tests\DomainDrivenDesign.Tests.csproj", "{CE118AEC-92AC-4A40-9660-037D2ABF0120}"
EndProject
Project("{9A19103F-16F7-4668-BE54-9A1E7A4F7556}") = "SampleWebApplication", "Examples\SampleWebApplication\src\SampleWebApplication.csproj", "{CF8D3111-D81B-40C9-8C93-F35BB72B1F2C}"
EndProject
Project("{9A19103F-16F7-4668-BE54-9A1E7A4F7556}") = "Asp.Tests", "Asp\tests\Asp.Tests.csproj", "{7061CA5B-6866-4434-835D-8D9B546D4D3C}"
EndProject
Project("{2150E333-8FDC-42A3-9474-1A3956D46DE8}") = "Benchmark", "Benchmark", "{85ACCD77-5B35-4AE7-BF04-C47E7E5AB720}"
EndProject
Project("{9A19103F-16F7-4668-BE54-9A1E7A4F7556}") = "Benchmark", "Benchmark\Benchmark.csproj", "{7A46BDC2-5A31-4B5F-BD4A-34655B004447}"
EndProject
Project("{9A19103F-16F7-4668-BE54-9A1E7A4F7556}") = "SampleMinimalApi", "Examples\SampleMinimalApi\SampleMinimalApi.csproj", "{60F534DA-26D4-4B7E-BD20-A60255B98E0C}"
EndProject
Project("{9A19103F-16F7-4668-BE54-9A1E7A4F7556}") = "SampleUserLibrary", "Examples\SampleUserLibrary\SampleUserLibrary.csproj", "{2D3DD25C-6E2B-4C67-8E0C-7C9ABAE740C7}"
EndProject
Project("{FAE04EC0-301F-11D3-BF4B-00C04F79EFBC}") = "BankingExample", "Examples\BankingExample\BankingExample.csproj", "{499DA91B-5E04-4025-702E-B686854E88D0}"
EndProject
Project("{FAE04EC0-301F-11D3-BF4B-00C04F79EFBC}") = "EcommerceExample", "Examples\EcommerceExample\EcommerceExample.csproj", "{37D080EF-F243-B3DC-B41C-199C53D3C532}"
EndProject
Project("{2150E333-8FDC-42A3-9474-1A3956D46DE8}") = "Docs", "Docs", "{26614E2E-249E-4A54-B47B-BCBDF5CA11EB}"
	ProjectSection(SolutionItems) = preProject
		docs\docfx_project\articles\advanced-features.md = docs\docfx_project\articles\advanced-features.md
		docs\docfx_project\articles\async-cancellation.md = docs\docfx_project\articles\async-cancellation.md
		docs\docfx_project\articles\basics.md = docs\docfx_project\articles\basics.md
		docs\docfx_project\articles\debugging.md = docs\docfx_project\articles\debugging.md
		docs\docfx_project\articles\error-handling.md = docs\docfx_project\articles\error-handling.md
		docs\docfx_project\articles\examples.md = docs\docfx_project\articles\examples.md
		docs\docfx_project\articles\integration.md = docs\docfx_project\articles\integration.md
		docs\docfx_project\articles\intro.md = docs\docfx_project\articles\intro.md
		docs\docfx_project\articles\performance.md = docs\docfx_project\articles\performance.md
		docs\docfx_project\articles\toc.yml = docs\docfx_project\articles\toc.yml
	EndProjectSection
EndProject
Global
	GlobalSection(SolutionConfigurationPlatforms) = preSolution
		Debug|Any CPU = Debug|Any CPU
		Release|Any CPU = Release|Any CPU
	EndGlobalSection
	GlobalSection(ProjectConfigurationPlatforms) = postSolution
		{82A9A3D7-E871-416E-8B5F-67B0425EC073}.Debug|Any CPU.ActiveCfg = Debug|Any CPU
		{82A9A3D7-E871-416E-8B5F-67B0425EC073}.Debug|Any CPU.Build.0 = Debug|Any CPU
		{82A9A3D7-E871-416E-8B5F-67B0425EC073}.Release|Any CPU.ActiveCfg = Release|Any CPU
		{82A9A3D7-E871-416E-8B5F-67B0425EC073}.Release|Any CPU.Build.0 = Release|Any CPU
		{52131D0C-76B1-4CA2-86D6-6C10DD9355A5}.Debug|Any CPU.ActiveCfg = Debug|Any CPU
		{52131D0C-76B1-4CA2-86D6-6C10DD9355A5}.Debug|Any CPU.Build.0 = Debug|Any CPU
		{52131D0C-76B1-4CA2-86D6-6C10DD9355A5}.Release|Any CPU.ActiveCfg = Release|Any CPU
		{52131D0C-76B1-4CA2-86D6-6C10DD9355A5}.Release|Any CPU.Build.0 = Release|Any CPU
		{B763EC4D-64ED-4D20-BC60-4A8886F707DA}.Debug|Any CPU.ActiveCfg = Debug|Any CPU
		{B763EC4D-64ED-4D20-BC60-4A8886F707DA}.Debug|Any CPU.Build.0 = Debug|Any CPU
		{B763EC4D-64ED-4D20-BC60-4A8886F707DA}.Release|Any CPU.ActiveCfg = Release|Any CPU
		{B763EC4D-64ED-4D20-BC60-4A8886F707DA}.Release|Any CPU.Build.0 = Release|Any CPU
		{928C2228-3D0F-4253-9705-5E71BAF1AB5B}.Debug|Any CPU.ActiveCfg = Debug|Any CPU
		{928C2228-3D0F-4253-9705-5E71BAF1AB5B}.Debug|Any CPU.Build.0 = Debug|Any CPU
		{928C2228-3D0F-4253-9705-5E71BAF1AB5B}.Release|Any CPU.ActiveCfg = Release|Any CPU
		{928C2228-3D0F-4253-9705-5E71BAF1AB5B}.Release|Any CPU.Build.0 = Release|Any CPU
		{E3349550-D6FD-477D-AFA0-525CE7B7EFD6}.Debug|Any CPU.ActiveCfg = Debug|Any CPU
		{E3349550-D6FD-477D-AFA0-525CE7B7EFD6}.Debug|Any CPU.Build.0 = Debug|Any CPU
		{E3349550-D6FD-477D-AFA0-525CE7B7EFD6}.Release|Any CPU.ActiveCfg = Release|Any CPU
		{E3349550-D6FD-477D-AFA0-525CE7B7EFD6}.Release|Any CPU.Build.0 = Release|Any CPU
		{191EC05C-A865-4396-90FB-7A7D19FF148C}.Debug|Any CPU.ActiveCfg = Debug|Any CPU
		{191EC05C-A865-4396-90FB-7A7D19FF148C}.Debug|Any CPU.Build.0 = Debug|Any CPU
		{191EC05C-A865-4396-90FB-7A7D19FF148C}.Release|Any CPU.ActiveCfg = Release|Any CPU
		{191EC05C-A865-4396-90FB-7A7D19FF148C}.Release|Any CPU.Build.0 = Release|Any CPU
		{005FE94C-477D-4B76-A4E5-C229D79F3D71}.Debug|Any CPU.ActiveCfg = Debug|Any CPU
		{005FE94C-477D-4B76-A4E5-C229D79F3D71}.Debug|Any CPU.Build.0 = Debug|Any CPU
		{005FE94C-477D-4B76-A4E5-C229D79F3D71}.Release|Any CPU.ActiveCfg = Release|Any CPU
		{005FE94C-477D-4B76-A4E5-C229D79F3D71}.Release|Any CPU.Build.0 = Release|Any CPU
		{8DD45CA4-7182-4310-B023-3FD6801655B8}.Debug|Any CPU.ActiveCfg = Debug|Any CPU
		{8DD45CA4-7182-4310-B023-3FD6801655B8}.Debug|Any CPU.Build.0 = Debug|Any CPU
		{8DD45CA4-7182-4310-B023-3FD6801655B8}.Release|Any CPU.ActiveCfg = Release|Any CPU
		{8DD45CA4-7182-4310-B023-3FD6801655B8}.Release|Any CPU.Build.0 = Release|Any CPU
		{49C37DF6-D4D1-44A1-8E5A-8C5C9B24ACF3}.Debug|Any CPU.ActiveCfg = Debug|Any CPU
		{49C37DF6-D4D1-44A1-8E5A-8C5C9B24ACF3}.Debug|Any CPU.Build.0 = Debug|Any CPU
		{49C37DF6-D4D1-44A1-8E5A-8C5C9B24ACF3}.Release|Any CPU.ActiveCfg = Release|Any CPU
		{49C37DF6-D4D1-44A1-8E5A-8C5C9B24ACF3}.Release|Any CPU.Build.0 = Release|Any CPU
		{24B449C0-DC03-43E7-A3FE-1263AEA4F600}.Debug|Any CPU.ActiveCfg = Debug|Any CPU
		{24B449C0-DC03-43E7-A3FE-1263AEA4F600}.Debug|Any CPU.Build.0 = Debug|Any CPU
		{24B449C0-DC03-43E7-A3FE-1263AEA4F600}.Release|Any CPU.ActiveCfg = Release|Any CPU
		{24B449C0-DC03-43E7-A3FE-1263AEA4F600}.Release|Any CPU.Build.0 = Release|Any CPU
		{CE118AEC-92AC-4A40-9660-037D2ABF0120}.Debug|Any CPU.ActiveCfg = Debug|Any CPU
		{CE118AEC-92AC-4A40-9660-037D2ABF0120}.Debug|Any CPU.Build.0 = Debug|Any CPU
		{CE118AEC-92AC-4A40-9660-037D2ABF0120}.Release|Any CPU.ActiveCfg = Release|Any CPU
		{CE118AEC-92AC-4A40-9660-037D2ABF0120}.Release|Any CPU.Build.0 = Release|Any CPU
		{CF8D3111-D81B-40C9-8C93-F35BB72B1F2C}.Debug|Any CPU.ActiveCfg = Debug|Any CPU
		{CF8D3111-D81B-40C9-8C93-F35BB72B1F2C}.Debug|Any CPU.Build.0 = Debug|Any CPU
		{CF8D3111-D81B-40C9-8C93-F35BB72B1F2C}.Release|Any CPU.ActiveCfg = Release|Any CPU
		{CF8D3111-D81B-40C9-8C93-F35BB72B1F2C}.Release|Any CPU.Build.0 = Release|Any CPU
		{7061CA5B-6866-4434-835D-8D9B546D4D3C}.Debug|Any CPU.ActiveCfg = Debug|Any CPU
		{7061CA5B-6866-4434-835D-8D9B546D4D3C}.Debug|Any CPU.Build.0 = Debug|Any CPU
		{7061CA5B-6866-4434-835D-8D9B546D4D3C}.Release|Any CPU.ActiveCfg = Release|Any CPU
		{7061CA5B-6866-4434-835D-8D9B546D4D3C}.Release|Any CPU.Build.0 = Release|Any CPU
		{7A46BDC2-5A31-4B5F-BD4A-34655B004447}.Debug|Any CPU.ActiveCfg = Debug|Any CPU
		{7A46BDC2-5A31-4B5F-BD4A-34655B004447}.Debug|Any CPU.Build.0 = Debug|Any CPU
		{7A46BDC2-5A31-4B5F-BD4A-34655B004447}.Release|Any CPU.ActiveCfg = Release|Any CPU
		{7A46BDC2-5A31-4B5F-BD4A-34655B004447}.Release|Any CPU.Build.0 = Release|Any CPU
		{60F534DA-26D4-4B7E-BD20-A60255B98E0C}.Debug|Any CPU.ActiveCfg = Debug|Any CPU
		{60F534DA-26D4-4B7E-BD20-A60255B98E0C}.Debug|Any CPU.Build.0 = Debug|Any CPU
		{60F534DA-26D4-4B7E-BD20-A60255B98E0C}.Release|Any CPU.ActiveCfg = Release|Any CPU
		{60F534DA-26D4-4B7E-BD20-A60255B98E0C}.Release|Any CPU.Build.0 = Release|Any CPU
		{2D3DD25C-6E2B-4C67-8E0C-7C9ABAE740C7}.Debug|Any CPU.ActiveCfg = Debug|Any CPU
		{2D3DD25C-6E2B-4C67-8E0C-7C9ABAE740C7}.Debug|Any CPU.Build.0 = Debug|Any CPU
		{2D3DD25C-6E2B-4C67-8E0C-7C9ABAE740C7}.Release|Any CPU.ActiveCfg = Release|Any CPU
		{2D3DD25C-6E2B-4C67-8E0C-7C9ABAE740C7}.Release|Any CPU.Build.0 = Release|Any CPU
		{499DA91B-5E04-4025-702E-B686854E88D0}.Debug|Any CPU.ActiveCfg = Debug|Any CPU
		{499DA91B-5E04-4025-702E-B686854E88D0}.Debug|Any CPU.Build.0 = Debug|Any CPU
		{499DA91B-5E04-4025-702E-B686854E88D0}.Release|Any CPU.ActiveCfg = Release|Any CPU
		{499DA91B-5E04-4025-702E-B686854E88D0}.Release|Any CPU.Build.0 = Release|Any CPU
		{37D080EF-F243-B3DC-B41C-199C53D3C532}.Debug|Any CPU.ActiveCfg = Debug|Any CPU
		{37D080EF-F243-B3DC-B41C-199C53D3C532}.Debug|Any CPU.Build.0 = Debug|Any CPU
		{37D080EF-F243-B3DC-B41C-199C53D3C532}.Release|Any CPU.ActiveCfg = Release|Any CPU
		{37D080EF-F243-B3DC-B41C-199C53D3C532}.Release|Any CPU.Build.0 = Release|Any CPU
	EndGlobalSection
	GlobalSection(SolutionProperties) = preSolution
		HideSolutionNode = FALSE
	EndGlobalSection
	GlobalSection(NestedProjects) = preSolution
		{82A9A3D7-E871-416E-8B5F-67B0425EC073} = {AEEADF3F-954E-44CA-8345-E024CC04F405}
		{52131D0C-76B1-4CA2-86D6-6C10DD9355A5} = {AEEADF3F-954E-44CA-8345-E024CC04F405}
		{B763EC4D-64ED-4D20-BC60-4A8886F707DA} = {18ECBEC0-5687-4833-BCFB-84538E62172D}
		{928C2228-3D0F-4253-9705-5E71BAF1AB5B} = {18ECBEC0-5687-4833-BCFB-84538E62172D}
		{E3349550-D6FD-477D-AFA0-525CE7B7EFD6} = {1E3022F4-1620-4087-A015-7FFF0906AE14}
		{191EC05C-A865-4396-90FB-7A7D19FF148C} = {BD9AFC47-1336-443C-9EBE-3CF52A128194}
		{005FE94C-477D-4B76-A4E5-C229D79F3D71} = {AEEADF3F-954E-44CA-8345-E024CC04F405}
		{8DD45CA4-7182-4310-B023-3FD6801655B8} = {3DD76AB1-746D-47AC-B86D-8EC376CD238B}
		{49C37DF6-D4D1-44A1-8E5A-8C5C9B24ACF3} = {3DD76AB1-746D-47AC-B86D-8EC376CD238B}
		{24B449C0-DC03-43E7-A3FE-1263AEA4F600} = {828D4C8B-EE27-4ECD-8C89-8D4FD7E67BD6}
		{CE118AEC-92AC-4A40-9660-037D2ABF0120} = {828D4C8B-EE27-4ECD-8C89-8D4FD7E67BD6}
		{CF8D3111-D81B-40C9-8C93-F35BB72B1F2C} = {BD9AFC47-1336-443C-9EBE-3CF52A128194}
		{7061CA5B-6866-4434-835D-8D9B546D4D3C} = {1E3022F4-1620-4087-A015-7FFF0906AE14}
		{7A46BDC2-5A31-4B5F-BD4A-34655B004447} = {85ACCD77-5B35-4AE7-BF04-C47E7E5AB720}
		{60F534DA-26D4-4B7E-BD20-A60255B98E0C} = {BD9AFC47-1336-443C-9EBE-3CF52A128194}
		{2D3DD25C-6E2B-4C67-8E0C-7C9ABAE740C7} = {BD9AFC47-1336-443C-9EBE-3CF52A128194}
		{499DA91B-5E04-4025-702E-B686854E88D0} = {BD9AFC47-1336-443C-9EBE-3CF52A128194}
		{37D080EF-F243-B3DC-B41C-199C53D3C532} = {BD9AFC47-1336-443C-9EBE-3CF52A128194}
	EndGlobalSection
	GlobalSection(ExtensibilityGlobals) = postSolution
		SolutionGuid = {B687416C-3313-4018-820C-DD90FD4367E9}
	EndGlobalSection
EndGlobal
